
Microsoft Visual Studio Solution File, Format Version 12.00
# Visual Studio Version 17
VisualStudioVersion = 17.4.33213.308
MinimumVisualStudioVersion = 10.0.40219.1
Project("{FAE04EC0-301F-11D3-BF4B-00C04F79EFBC}") = "Atividades", "Atividades\Atividades.csproj", "{02D8FF23-29BE-4B92-B907-3620521D981A}"
EndProject
Project("{FAE04EC0-301F-11D3-BF4B-00C04F79EFBC}") = "Atividade2", "Atividade2\Atividade2.csproj", "{764AC905-F509-4EA9-BD6E-6DBE90CD945D}"
EndProject
Project("{FAE04EC0-301F-11D3-BF4B-00C04F79EFBC}") = "Atividade3", "Atividade3\Atividade3.csproj", "{694DDD5E-A9CB-4095-80D8-EC85DE9D83DC}"
EndProject
Global
	GlobalSection(SolutionConfigurationPlatforms) = preSolution
		Debug|Any CPU = Debug|Any CPU
		Release|Any CPU = Release|Any CPU
	EndGlobalSection
	GlobalSection(ProjectConfigurationPlatforms) = postSolution
		{02D8FF23-29BE-4B92-B907-3620521D981A}.Debug|Any CPU.ActiveCfg = Debug|Any CPU
		{02D8FF23-29BE-4B92-B907-3620521D981A}.Debug|Any CPU.Build.0 = Debug|Any CPU
		{02D8FF23-29BE-4B92-B907-3620521D981A}.Release|Any CPU.ActiveCfg = Release|Any CPU
		{02D8FF23-29BE-4B92-B907-3620521D981A}.Release|Any CPU.Build.0 = Release|Any CPU
		{764AC905-F509-4EA9-BD6E-6DBE90CD945D}.Debug|Any CPU.ActiveCfg = Debug|Any CPU
		{764AC905-F509-4EA9-BD6E-6DBE90CD945D}.Debug|Any CPU.Build.0 = Debug|Any CPU
		{764AC905-F509-4EA9-BD6E-6DBE90CD945D}.Release|Any CPU.ActiveCfg = Release|Any CPU
		{764AC905-F509-4EA9-BD6E-6DBE90CD945D}.Release|Any CPU.Build.0 = Release|Any CPU
		{694DDD5E-A9CB-4095-80D8-EC85DE9D83DC}.Debug|Any CPU.ActiveCfg = Debug|Any CPU
		{694DDD5E-A9CB-4095-80D8-EC85DE9D83DC}.Debug|Any CPU.Build.0 = Debug|Any CPU
		{694DDD5E-A9CB-4095-80D8-EC85DE9D83DC}.Release|Any CPU.ActiveCfg = Release|Any CPU
		{694DDD5E-A9CB-4095-80D8-EC85DE9D83DC}.Release|Any CPU.Build.0 = Release|Any CPU
	EndGlobalSection
	GlobalSection(SolutionProperties) = preSolution
		HideSolutionNode = FALSE
	EndGlobalSection
	GlobalSection(ExtensibilityGlobals) = postSolution
		SolutionGuid = {29C73DD1-C985-406D-B68B-5BEAE4105918}
	EndGlobalSection
EndGlobal
